
Microsoft Visual Studio Solution File, Format Version 12.00
# Visual Studio Version 17
VisualStudioVersion = 17.5.002.0
MinimumVisualStudioVersion = 10.0.40219.1
Project("{9A19103F-16F7-4668-BE54-9A1E7A4F7556}") = "Example001_HelloConsole", "Example001_HelloConsole\Example001_HelloConsole.csproj", "{C94AC7FC-671D-477F-B6A0-9D01B6BC57A6}"
EndProject
Project("{9A19103F-16F7-4668-BE54-9A1E7A4F7556}") = "Example002_HelloUser", "Example002_HelloUser\Example002_HelloUser.csproj", "{BEE95AC0-CBF8-438C-A58E-2AE35E1CF88B}"
EndProject
Project("{9A19103F-16F7-4668-BE54-9A1E7A4F7556}") = "Example007_Magic", "Example007_Magic\Example007_Magic.csproj", "{ABBFE034-1211-4B70-9088-FD467D26BBA6}"
EndProject
Global
	GlobalSection(SolutionConfigurationPlatforms) = preSolution
		Debug|Any CPU = Debug|Any CPU
		Release|Any CPU = Release|Any CPU
	EndGlobalSection
	GlobalSection(ProjectConfigurationPlatforms) = postSolution
		{C94AC7FC-671D-477F-B6A0-9D01B6BC57A6}.Debug|Any CPU.ActiveCfg = Debug|Any CPU
		{C94AC7FC-671D-477F-B6A0-9D01B6BC57A6}.Debug|Any CPU.Build.0 = Debug|Any CPU
		{C94AC7FC-671D-477F-B6A0-9D01B6BC57A6}.Release|Any CPU.ActiveCfg = Release|Any CPU
		{C94AC7FC-671D-477F-B6A0-9D01B6BC57A6}.Release|Any CPU.Build.0 = Release|Any CPU
		{BEE95AC0-CBF8-438C-A58E-2AE35E1CF88B}.Debug|Any CPU.ActiveCfg = Debug|Any CPU
		{BEE95AC0-CBF8-438C-A58E-2AE35E1CF88B}.Debug|Any CPU.Build.0 = Debug|Any CPU
		{BEE95AC0-CBF8-438C-A58E-2AE35E1CF88B}.Release|Any CPU.ActiveCfg = Release|Any CPU
		{BEE95AC0-CBF8-438C-A58E-2AE35E1CF88B}.Release|Any CPU.Build.0 = Release|Any CPU
		{ABBFE034-1211-4B70-9088-FD467D26BBA6}.Debug|Any CPU.ActiveCfg = Debug|Any CPU
		{ABBFE034-1211-4B70-9088-FD467D26BBA6}.Debug|Any CPU.Build.0 = Debug|Any CPU
		{ABBFE034-1211-4B70-9088-FD467D26BBA6}.Release|Any CPU.ActiveCfg = Release|Any CPU
		{ABBFE034-1211-4B70-9088-FD467D26BBA6}.Release|Any CPU.Build.0 = Release|Any CPU
	EndGlobalSection
	GlobalSection(SolutionProperties) = preSolution
		HideSolutionNode = FALSE
	EndGlobalSection
	GlobalSection(ExtensibilityGlobals) = postSolution
		SolutionGuid = {2B1A2FEE-8EFD-4F0A-A2F0-E06C51E5A005}
	EndGlobalSection
EndGlobal
